// !$*UTF8*$!
{
	archiveVersion = 1;
	classes = {
	};
	objectVersion = 46;
	objects = {

/* Begin PBXBuildFile section */
		042CAC251B6F68180075FC16 /* DoActionSheet.m in Sources */ = {isa = PBXBuildFile; fileRef = 042CAC201B6F68180075FC16 /* DoActionSheet.m */; };
		042CAC4E1B6F8A220075FC16 /* singleCheckButtonView.m in Sources */ = {isa = PBXBuildFile; fileRef = 042CAC4B1B6F8A210075FC16 /* singleCheckButtonView.m */; };
		042CAC4F1B6F8A220075FC16 /* SMSCodeButton.m in Sources */ = {isa = PBXBuildFile; fileRef = 042CAC4D1B6F8A220075FC16 /* SMSCodeButton.m */; };
		042CAC8A1B6F989B0075FC16 /* MarqueeLabel.m in Sources */ = {isa = PBXBuildFile; fileRef = 042CAC891B6F989B0075FC16 /* MarqueeLabel.m */; };
		042CACB11B6F9E570075FC16 /* MAMapKit.framework in Frameworks */ = {isa = PBXBuildFile; fileRef = 042CACB01B6F9E570075FC16 /* MAMapKit.framework */; };
		590F24291B6BA7560072DE41 /* Communication.m in Sources */ = {isa = PBXBuildFile; fileRef = 590F23F51B6BA7560072DE41 /* Communication.m */; };
		590F242A1B6BA7560072DE41 /* NSData+MKBase64.m in Sources */ = {isa = PBXBuildFile; fileRef = 590F23F91B6BA7560072DE41 /* NSData+MKBase64.m */; };
		590F242B1B6BA7560072DE41 /* NSDate+RFC1123.m in Sources */ = {isa = PBXBuildFile; fileRef = 590F23FB1B6BA7560072DE41 /* NSDate+RFC1123.m */; };
		590F242C1B6BA7560072DE41 /* NSDictionary+RequestEncoding.m in Sources */ = {isa = PBXBuildFile; fileRef = 590F23FD1B6BA7560072DE41 /* NSDictionary+RequestEncoding.m */; };
		590F242D1B6BA7560072DE41 /* NSString+MKNetworkKitAdditions.m in Sources */ = {isa = PBXBuildFile; fileRef = 590F23FF1B6BA7560072DE41 /* NSString+MKNetworkKitAdditions.m */; };
		590F242E1B6BA7560072DE41 /* UIAlertView+MKNetworkKitAdditions.m in Sources */ = {isa = PBXBuildFile; fileRef = 590F24011B6BA7560072DE41 /* UIAlertView+MKNetworkKitAdditions.m */; };
		590F242F1B6BA7560072DE41 /* MKNetworkEngine.m in Sources */ = {isa = PBXBuildFile; fileRef = 590F24031B6BA7560072DE41 /* MKNetworkEngine.m */; };
		590F24301B6BA7560072DE41 /* MKNetworkOperation.m in Sources */ = {isa = PBXBuildFile; fileRef = 590F24071B6BA7560072DE41 /* MKNetworkOperation.m */; };
		590F24311B6BA7560072DE41 /* Reachability.m in Sources */ = {isa = PBXBuildFile; fileRef = 590F240A1B6BA7560072DE41 /* Reachability.m */; settings = {COMPILER_FLAGS = "-fno-objc-arc"; }; };
		590F24331B6BA7560072DE41 /* CSIICachingURLProtocol.m in Sources */ = {isa = PBXBuildFile; fileRef = 590F240F1B6BA7560072DE41 /* CSIICachingURLProtocol.m */; };
		590F24341B6BA7560072DE41 /* JSONKit.m in Sources */ = {isa = PBXBuildFile; fileRef = 590F24121B6BA7560072DE41 /* JSONKit.m */; settings = {COMPILER_FLAGS = "-fno-objc-arc"; }; };
		590F24351B6BA7560072DE41 /* MBProgressHUD.m in Sources */ = {isa = PBXBuildFile; fileRef = 590F24151B6BA7560072DE41 /* MBProgressHUD.m */; };
		590F24361B6BA7560072DE41 /* MobileBankStartWeb.m in Sources */ = {isa = PBXBuildFile; fileRef = 590F24181B6BA7560072DE41 /* MobileBankStartWeb.m */; };
		590F24381B6BA7560072DE41 /* MobileBankWebTools.m in Sources */ = {isa = PBXBuildFile; fileRef = 590F241D1B6BA7560072DE41 /* MobileBankWebTools.m */; };
		590F24391B6BA7560072DE41 /* MyHTTPURLResponse.m in Sources */ = {isa = PBXBuildFile; fileRef = 590F241F1B6BA7560072DE41 /* MyHTTPURLResponse.m */; };
		590F24511B6BAA430072DE41 /* CommonFunc.m in Sources */ = {isa = PBXBuildFile; fileRef = 590F24501B6BAA430072DE41 /* CommonFunc.m */; };
/* End PBXBuildFile section */

/* Begin PBXCopyFilesBuildPhase section */
		590F23AC1B6B92DE0072DE41 /* CopyFiles */ = {
			isa = PBXCopyFilesBuildPhase;
			buildActionMask = 2147483647;
			dstPath = "include/$(PRODUCT_NAME)";
			dstSubfolderSpec = 16;
			files = (
			);
			runOnlyForDeploymentPostprocessing = 0;
		};
/* End PBXCopyFilesBuildPhase section */

/* Begin PBXFileReference section */
		042CAC1B1B6F68180075FC16 /* CommercialSearchViewController.h */ = {isa = PBXFileReference; fileEncoding = 4; lastKnownFileType = sourcecode.c.h; path = CommercialSearchViewController.h; sourceTree = "<group>"; };
		042CAC1D1B6F68180075FC16 /* CommercialViewController.h */ = {isa = PBXFileReference; fileEncoding = 4; lastKnownFileType = sourcecode.c.h; path = CommercialViewController.h; sourceTree = "<group>"; };
		042CAC1F1B6F68180075FC16 /* DoActionSheet.h */ = {isa = PBXFileReference; fileEncoding = 4; lastKnownFileType = sourcecode.c.h; path = DoActionSheet.h; sourceTree = "<group>"; };
		042CAC201B6F68180075FC16 /* DoActionSheet.m */ = {isa = PBXFileReference; fileEncoding = 4; lastKnownFileType = sourcecode.c.objc; path = DoActionSheet.m; sourceTree = "<group>"; };
		042CAC211B6F68180075FC16 /* MapDetailTableViewCell.h */ = {isa = PBXFileReference; fileEncoding = 4; lastKnownFileType = sourcecode.c.h; path = MapDetailTableViewCell.h; sourceTree = "<group>"; };
		042CAC291B6F81FD0075FC16 /* XHDrawerController.h */ = {isa = PBXFileReference; fileEncoding = 4; lastKnownFileType = sourcecode.c.h; path = XHDrawerController.h; sourceTree = "<group>"; };
		042CAC2B1B6F81FD0075FC16 /* XHDrawerControllerHeader.h */ = {isa = PBXFileReference; fileEncoding = 4; lastKnownFileType = sourcecode.c.h; path = XHDrawerControllerHeader.h; sourceTree = "<group>"; };
		042CAC2C1B6F81FD0075FC16 /* XHZoomDrawerView.h */ = {isa = PBXFileReference; fileEncoding = 4; lastKnownFileType = sourcecode.c.h; path = XHZoomDrawerView.h; sourceTree = "<group>"; };
		042CAC321B6F889E0075FC16 /* agreementViewController.h */ = {isa = PBXFileReference; fileEncoding = 4; lastKnownFileType = sourcecode.c.h; path = agreementViewController.h; sourceTree = "<group>"; };
		042CAC361B6F889E0075FC16 /* ReFindPasswordViewController.h */ = {isa = PBXFileReference; fileEncoding = 4; lastKnownFileType = sourcecode.c.h; path = ReFindPasswordViewController.h; sourceTree = "<group>"; };
		042CAC381B6F889E0075FC16 /* registerConfirmViewController.h */ = {isa = PBXFileReference; fileEncoding = 4; lastKnownFileType = sourcecode.c.h; path = registerConfirmViewController.h; sourceTree = "<group>"; };
		042CAC3A1B6F889E0075FC16 /* registerViewController.h */ = {isa = PBXFileReference; fileEncoding = 4; lastKnownFileType = sourcecode.c.h; path = registerViewController.h; sourceTree = "<group>"; };
		042CAC3C1B6F889E0075FC16 /* ReSetPasswordViewController.h */ = {isa = PBXFileReference; fileEncoding = 4; lastKnownFileType = sourcecode.c.h; path = ReSetPasswordViewController.h; sourceTree = "<group>"; };
		042CAC3E1B6F889E0075FC16 /* ServiceTelePhoneViewController.h */ = {isa = PBXFileReference; fileEncoding = 4; lastKnownFileType = sourcecode.c.h; path = ServiceTelePhoneViewController.h; sourceTree = "<group>"; };
		042CAC401B6F889E0075FC16 /* TransResultViewController.h */ = {isa = PBXFileReference; fileEncoding = 4; lastKnownFileType = sourcecode.c.h; path = TransResultViewController.h; sourceTree = "<group>"; };
		042CAC4A1B6F8A210075FC16 /* singleCheckButtonView.h */ = {isa = PBXFileReference; fileEncoding = 4; lastKnownFileType = sourcecode.c.h; path = singleCheckButtonView.h; sourceTree = "<group>"; };
		042CAC4B1B6F8A210075FC16 /* singleCheckButtonView.m */ = {isa = PBXFileReference; fileEncoding = 4; lastKnownFileType = sourcecode.c.objc; path = singleCheckButtonView.m; sourceTree = "<group>"; };
		042CAC4C1B6F8A220075FC16 /* SMSCodeButton.h */ = {isa = PBXFileReference; fileEncoding = 4; lastKnownFileType = sourcecode.c.h; path = SMSCodeButton.h; sourceTree = "<group>"; };
		042CAC4D1B6F8A220075FC16 /* SMSCodeButton.m */ = {isa = PBXFileReference; fileEncoding = 4; lastKnownFileType = sourcecode.c.objc; path = SMSCodeButton.m; sourceTree = "<group>"; };
		042CAC821B6F986D0075FC16 /* PiontStoreViewController.h */ = {isa = PBXFileReference; fileEncoding = 4; lastKnownFileType = sourcecode.c.h; path = PiontStoreViewController.h; sourceTree = "<group>"; };
		042CAC881B6F989B0075FC16 /* MarqueeLabel.h */ = {isa = PBXFileReference; fileEncoding = 4; lastKnownFileType = sourcecode.c.h; path = MarqueeLabel.h; sourceTree = "<group>"; };
		042CAC891B6F989B0075FC16 /* MarqueeLabel.m */ = {isa = PBXFileReference; fileEncoding = 4; lastKnownFileType = sourcecode.c.objc; path = MarqueeLabel.m; sourceTree = "<group>"; };
		042CAC8B1B6F99660075FC16 /* FirstOpenViewController.h */ = {isa = PBXFileReference; fileEncoding = 4; lastKnownFileType = sourcecode.c.h; path = FirstOpenViewController.h; sourceTree = "<group>"; };
		042CAC8D1B6F99660075FC16 /* SplashScreenViewController.h */ = {isa = PBXFileReference; fileEncoding = 4; lastKnownFileType = sourcecode.c.h; path = SplashScreenViewController.h; sourceTree = "<group>"; };
		042CACB01B6F9E570075FC16 /* MAMapKit.framework */ = {isa = PBXFileReference; lastKnownFileType = wrapper.framework; path = MAMapKit.framework; sourceTree = "<group>"; };
		043667D71B85D3C100D90296 /* Config.h */ = {isa = PBXFileReference; fileEncoding = 4; lastKnownFileType = sourcecode.c.h; path = Config.h; sourceTree = "<group>"; };
		043667D81B85D3E000D90296 /* Context.h */ = {isa = PBXFileReference; fileEncoding = 4; lastKnownFileType = sourcecode.c.h; path = Context.h; sourceTree = "<group>"; };
		044329161B85B55B00C96771 /* AdvertisementViewController.h */ = {isa = PBXFileReference; fileEncoding = 4; lastKnownFileType = sourcecode.c.h; path = AdvertisementViewController.h; sourceTree = "<group>"; };
		045C53751BA7B5E900A1C8B1 /* uiCopyLabel.h */ = {isa = PBXFileReference; fileEncoding = 4; lastKnownFileType = sourcecode.c.h; path = uiCopyLabel.h; sourceTree = "<group>"; };
		04A1B6391B7B38DC00B46F31 /* CSIIMenuPaging.h */ = {isa = PBXFileReference; fileEncoding = 4; lastKnownFileType = sourcecode.c.h; path = CSIIMenuPaging.h; sourceTree = "<group>"; };
		590F23AE1B6B92DE0072DE41 /* libCSIILib.a */ = {isa = PBXFileReference; explicitFileType = archive.ar; includeInIndex = 0; path = libCSIILib.a; sourceTree = BUILT_PRODUCTS_DIR; };
		590F23F21B6BA7560072DE41 /* BCSIIase64.h */ = {isa = PBXFileReference; fileEncoding = 4; lastKnownFileType = sourcecode.c.h; path = BCSIIase64.h; sourceTree = "<group>"; };
		590F23F41B6BA7560072DE41 /* Communication.h */ = {isa = PBXFileReference; fileEncoding = 4; lastKnownFileType = sourcecode.c.h; path = Communication.h; sourceTree = "<group>"; };
		590F23F51B6BA7560072DE41 /* Communication.m */ = {isa = PBXFileReference; fileEncoding = 4; lastKnownFileType = sourcecode.c.objc; path = Communication.m; sourceTree = "<group>"; };
		590F23F81B6BA7560072DE41 /* NSData+MKBase64.h */ = {isa = PBXFileReference; fileEncoding = 4; lastKnownFileType = sourcecode.c.h; path = "NSData+MKBase64.h"; sourceTree = "<group>"; };
		590F23F91B6BA7560072DE41 /* NSData+MKBase64.m */ = {isa = PBXFileReference; fileEncoding = 4; lastKnownFileType = sourcecode.c.objc; path = "NSData+MKBase64.m"; sourceTree = "<group>"; };
		590F23FA1B6BA7560072DE41 /* NSDate+RFC1123.h */ = {isa = PBXFileReference; fileEncoding = 4; lastKnownFileType = sourcecode.c.h; path = "NSDate+RFC1123.h"; sourceTree = "<group>"; };
		590F23FB1B6BA7560072DE41 /* NSDate+RFC1123.m */ = {isa = PBXFileReference; fileEncoding = 4; lastKnownFileType = sourcecode.c.objc; path = "NSDate+RFC1123.m"; sourceTree = "<group>"; };
		590F23FC1B6BA7560072DE41 /* NSDictionary+RequestEncoding.h */ = {isa = PBXFileReference; fileEncoding = 4; lastKnownFileType = sourcecode.c.h; path = "NSDictionary+RequestEncoding.h"; sourceTree = "<group>"; };
		590F23FD1B6BA7560072DE41 /* NSDictionary+RequestEncoding.m */ = {isa = PBXFileReference; fileEncoding = 4; lastKnownFileType = sourcecode.c.objc; path = "NSDictionary+RequestEncoding.m"; sourceTree = "<group>"; };
		590F23FE1B6BA7560072DE41 /* NSString+MKNetworkKitAdditions.h */ = {isa = PBXFileReference; fileEncoding = 4; lastKnownFileType = sourcecode.c.h; path = "NSString+MKNetworkKitAdditions.h"; sourceTree = "<group>"; };
		590F23FF1B6BA7560072DE41 /* NSString+MKNetworkKitAdditions.m */ = {isa = PBXFileReference; fileEncoding = 4; lastKnownFileType = sourcecode.c.objc; path = "NSString+MKNetworkKitAdditions.m"; sourceTree = "<group>"; };
		590F24001B6BA7560072DE41 /* UIAlertView+MKNetworkKitAdditions.h */ = {isa = PBXFileReference; fileEncoding = 4; lastKnownFileType = sourcecode.c.h; path = "UIAlertView+MKNetworkKitAdditions.h"; sourceTree = "<group>"; };
		590F24011B6BA7560072DE41 /* UIAlertView+MKNetworkKitAdditions.m */ = {isa = PBXFileReference; fileEncoding = 4; lastKnownFileType = sourcecode.c.objc; path = "UIAlertView+MKNetworkKitAdditions.m"; sourceTree = "<group>"; };
		590F24021B6BA7560072DE41 /* MKNetworkEngine.h */ = {isa = PBXFileReference; fileEncoding = 4; lastKnownFileType = sourcecode.c.h; path = MKNetworkEngine.h; sourceTree = "<group>"; };
		590F24031B6BA7560072DE41 /* MKNetworkEngine.m */ = {isa = PBXFileReference; fileEncoding = 4; lastKnownFileType = sourcecode.c.objc; path = MKNetworkEngine.m; sourceTree = "<group>"; };
		590F24041B6BA7560072DE41 /* MKNetworkKit-iOS-Prefix.pch */ = {isa = PBXFileReference; fileEncoding = 4; lastKnownFileType = sourcecode.c.h; path = "MKNetworkKit-iOS-Prefix.pch"; sourceTree = "<group>"; };
		590F24051B6BA7560072DE41 /* MKNetworkKit.h */ = {isa = PBXFileReference; fileEncoding = 4; lastKnownFileType = sourcecode.c.h; path = MKNetworkKit.h; sourceTree = "<group>"; };
		590F24061B6BA7560072DE41 /* MKNetworkOperation.h */ = {isa = PBXFileReference; fileEncoding = 4; lastKnownFileType = sourcecode.c.h; path = MKNetworkOperation.h; sourceTree = "<group>"; };
		590F24071B6BA7560072DE41 /* MKNetworkOperation.m */ = {isa = PBXFileReference; fileEncoding = 4; lastKnownFileType = sourcecode.c.objc; path = MKNetworkOperation.m; sourceTree = "<group>"; };
		590F24091B6BA7560072DE41 /* Reachability.h */ = {isa = PBXFileReference; fileEncoding = 4; lastKnownFileType = sourcecode.c.h; path = Reachability.h; sourceTree = "<group>"; };
		590F240A1B6BA7560072DE41 /* Reachability.m */ = {isa = PBXFileReference; fileEncoding = 4; lastKnownFileType = sourcecode.c.objc; path = Reachability.m; sourceTree = "<group>"; };
		590F240E1B6BA7560072DE41 /* CSIICachingURLProtocol.h */ = {isa = PBXFileReference; fileEncoding = 4; lastKnownFileType = sourcecode.c.h; path = CSIICachingURLProtocol.h; sourceTree = "<group>"; };
		590F240F1B6BA7560072DE41 /* CSIICachingURLProtocol.m */ = {isa = PBXFileReference; fileEncoding = 4; lastKnownFileType = sourcecode.c.objc; path = CSIICachingURLProtocol.m; sourceTree = "<group>"; };
		590F24111B6BA7560072DE41 /* JSONKit.h */ = {isa = PBXFileReference; fileEncoding = 4; lastKnownFileType = sourcecode.c.h; path = JSONKit.h; sourceTree = "<group>"; };
		590F24121B6BA7560072DE41 /* JSONKit.m */ = {isa = PBXFileReference; fileEncoding = 4; lastKnownFileType = sourcecode.c.objc; path = JSONKit.m; sourceTree = "<group>"; };
		590F24141B6BA7560072DE41 /* MBProgressHUD.h */ = {isa = PBXFileReference; fileEncoding = 4; lastKnownFileType = sourcecode.c.h; path = MBProgressHUD.h; sourceTree = "<group>"; };
		590F24151B6BA7560072DE41 /* MBProgressHUD.m */ = {isa = PBXFileReference; fileEncoding = 4; lastKnownFileType = sourcecode.c.objc; path = MBProgressHUD.m; sourceTree = "<group>"; };
		590F24161B6BA7560072DE41 /* MobileBankCommcation.h */ = {isa = PBXFileReference; fileEncoding = 4; lastKnownFileType = sourcecode.c.h; path = MobileBankCommcation.h; sourceTree = "<group>"; };
		590F24171B6BA7560072DE41 /* MobileBankStartWeb.h */ = {isa = PBXFileReference; fileEncoding = 4; lastKnownFileType = sourcecode.c.h; path = MobileBankStartWeb.h; sourceTree = "<group>"; };
		590F24181B6BA7560072DE41 /* MobileBankStartWeb.m */ = {isa = PBXFileReference; fileEncoding = 4; lastKnownFileType = sourcecode.c.objc; path = MobileBankStartWeb.m; sourceTree = "<group>"; };
		590F24191B6BA7560072DE41 /* MobileBankWeb-Prefix.pch */ = {isa = PBXFileReference; fileEncoding = 4; lastKnownFileType = sourcecode.c.h; path = "MobileBankWeb-Prefix.pch"; sourceTree = "<group>"; };
		590F241A1B6BA7560072DE41 /* MobileBankWeb.h */ = {isa = PBXFileReference; fileEncoding = 4; lastKnownFileType = sourcecode.c.h; path = MobileBankWeb.h; sourceTree = "<group>"; };
		590F241C1B6BA7560072DE41 /* MobileBankWebTools.h */ = {isa = PBXFileReference; fileEncoding = 4; lastKnownFileType = sourcecode.c.h; path = MobileBankWebTools.h; sourceTree = "<group>"; };
		590F241D1B6BA7560072DE41 /* MobileBankWebTools.m */ = {isa = PBXFileReference; fileEncoding = 4; lastKnownFileType = sourcecode.c.objc; path = MobileBankWebTools.m; sourceTree = "<group>"; };
		590F241E1B6BA7560072DE41 /* MyHTTPURLResponse.h */ = {isa = PBXFileReference; fileEncoding = 4; lastKnownFileType = sourcecode.c.h; path = MyHTTPURLResponse.h; sourceTree = "<group>"; };
		590F241F1B6BA7560072DE41 /* MyHTTPURLResponse.m */ = {isa = PBXFileReference; fileEncoding = 4; lastKnownFileType = sourcecode.c.objc; path = MyHTTPURLResponse.m; sourceTree = "<group>"; };
		590F24271B6BA7560072DE41 /* WebViewController.h */ = {isa = PBXFileReference; fileEncoding = 4; lastKnownFileType = sourcecode.c.h; path = WebViewController.h; sourceTree = "<group>"; };
		590F244F1B6BAA430072DE41 /* CommonFunc.h */ = {isa = PBXFileReference; fileEncoding = 4; lastKnownFileType = sourcecode.c.h; path = CommonFunc.h; sourceTree = "<group>"; };
		590F24501B6BAA430072DE41 /* CommonFunc.m */ = {isa = PBXFileReference; fileEncoding = 4; lastKnownFileType = sourcecode.c.objc; path = CommonFunc.m; sourceTree = "<group>"; };
		590F24521B6BACF70072DE41 /* CSIISuperViewController.h */ = {isa = PBXFileReference; fileEncoding = 4; lastKnownFileType = sourcecode.c.h; path = CSIISuperViewController.h; sourceTree = "<group>"; };
		590F24531B6BAD190072DE41 /* MobileBankSession.h */ = {isa = PBXFileReference; fileEncoding = 4; lastKnownFileType = sourcecode.c.h; path = MobileBankSession.h; sourceTree = "<group>"; };
		590F24541B6BAD340072DE41 /* LDKGloableVariable.h */ = {isa = PBXFileReference; fileEncoding = 4; lastKnownFileType = sourcecode.c.h; path = LDKGloableVariable.h; sourceTree = "<group>"; };
		590F24551B6BAD540072DE41 /* LWYTextField.h */ = {isa = PBXFileReference; fileEncoding = 4; lastKnownFileType = sourcecode.c.h; path = LWYTextField.h; sourceTree = "<group>"; };
		590F24561B6BAD790072DE41 /* UITableViewCell+Image.h */ = {isa = PBXFileReference; fileEncoding = 4; lastKnownFileType = sourcecode.c.h; path = "UITableViewCell+Image.h"; sourceTree = "<group>"; };
		590F24581B6BADD40072DE41 /* CSIILabel.h */ = {isa = PBXFileReference; fileEncoding = 4; lastKnownFileType = sourcecode.c.h; path = CSIILabel.h; sourceTree = "<group>"; };
		590F24591B6BADFA0072DE41 /* keyboardencrypt.h */ = {isa = PBXFileReference; fileEncoding = 4; lastKnownFileType = sourcecode.c.h; path = keyboardencrypt.h; sourceTree = "<group>"; };
		590F245A1B6BADFA0072DE41 /* shahaiKeyBoard.h */ = {isa = PBXFileReference; fileEncoding = 4; lastKnownFileType = sourcecode.c.h; path = shahaiKeyBoard.h; sourceTree = "<group>"; };
		590F245B1B6BADFA0072DE41 /* ShaHaiView.h */ = {isa = PBXFileReference; fileEncoding = 4; lastKnownFileType = sourcecode.c.h; path = ShaHaiView.h; sourceTree = "<group>"; };
		590F245D1B6BAEDF0072DE41 /* CustomAlertView.h */ = {isa = PBXFileReference; fileEncoding = 4; lastKnownFileType = sourcecode.c.h; path = CustomAlertView.h; sourceTree = "<group>"; };
		590F245E1B6BAEFF0072DE41 /* LabelButton.h */ = {isa = PBXFileReference; fileEncoding = 4; lastKnownFileType = sourcecode.c.h; path = LabelButton.h; sourceTree = "<group>"; };
		590F245F1B6BAF250072DE41 /* CSIITextField.h */ = {isa = PBXFileReference; fileEncoding = 4; lastKnownFileType = sourcecode.c.h; path = CSIITextField.h; sourceTree = "<group>"; };
		590F24601B6BAF470072DE41 /* CSIIUIToolbar.h */ = {isa = PBXFileReference; fileEncoding = 4; lastKnownFileType = sourcecode.c.h; path = CSIIUIToolbar.h; sourceTree = "<group>"; };
		590F24611B6BAF6B0072DE41 /* CSIIDataAnalysis.h */ = {isa = PBXFileReference; fileEncoding = 4; lastKnownFileType = sourcecode.c.h; path = CSIIDataAnalysis.h; sourceTree = "<group>"; };
		590F24621B6BAF8D0072DE41 /* TentacleView.h */ = {isa = PBXFileReference; fileEncoding = 4; lastKnownFileType = sourcecode.c.h; path = TentacleView.h; sourceTree = "<group>"; };
		590F24631B6BAFAF0072DE41 /* GesturePasswordView.h */ = {isa = PBXFileReference; fileEncoding = 4; lastKnownFileType = sourcecode.c.h; path = GesturePasswordView.h; sourceTree = "<group>"; };
		590F24651B6BB1080072DE41 /* APService.h */ = {isa = PBXFileReference; fileEncoding = 4; lastKnownFileType = sourcecode.c.h; path = APService.h; sourceTree = "<group>"; };
		590F24661B6BB1080072DE41 /* FTKeyInterface.h */ = {isa = PBXFileReference; fileEncoding = 4; lastKnownFileType = sourcecode.c.h; path = FTKeyInterface.h; sourceTree = "<group>"; };
		590F24671B6BB1090072DE41 /* FTUserProtocol.h */ = {isa = PBXFileReference; fileEncoding = 4; lastKnownFileType = sourcecode.c.h; path = FTUserProtocol.h; sourceTree = "<group>"; };
		590F24681B6BB2A60072DE41 /* CSIIUtility.h */ = {isa = PBXFileReference; fileEncoding = 4; lastKnownFileType = sourcecode.c.h; path = CSIIUtility.h; sourceTree = "<group>"; };
		590F24691B6BB2D50072DE41 /* CSIIMenuViewController.h */ = {isa = PBXFileReference; fileEncoding = 4; lastKnownFileType = sourcecode.c.h; path = CSIIMenuViewController.h; sourceTree = "<group>"; };
		590F246B1B6BB3940072DE41 /* PublicContentView.h */ = {isa = PBXFileReference; fileEncoding = 4; lastKnownFileType = sourcecode.c.h; path = PublicContentView.h; sourceTree = "<group>"; };
		590F246C1B6BB3F70072DE41 /* GlobalVariable.h */ = {isa = PBXFileReference; fileEncoding = 4; lastKnownFileType = sourcecode.c.h; path = GlobalVariable.h; sourceTree = "<group>"; };
		590F246D1B6BB4750072DE41 /* QRCodeReader.h */ = {isa = PBXFileReference; fileEncoding = 4; lastKnownFileType = sourcecode.c.h; path = QRCodeReader.h; sourceTree = "<group>"; };
/* End PBXFileReference section */

/* Begin PBXFrameworksBuildPhase section */
		590F23AB1B6B92DE0072DE41 /* Frameworks */ = {
			isa = PBXFrameworksBuildPhase;
			buildActionMask = 2147483647;
			files = (
				042CACB11B6F9E570075FC16 /* MAMapKit.framework in Frameworks */,
			);
			runOnlyForDeploymentPostprocessing = 0;
		};
/* End PBXFrameworksBuildPhase section */

/* Begin PBXGroup section */
		042CAC1A1B6F68180075FC16 /* Other2 */ = {
			isa = PBXGroup;
			children = (
				044329161B85B55B00C96771 /* AdvertisementViewController.h */,
				043667D71B85D3C100D90296 /* Config.h */,
				043667D81B85D3E000D90296 /* Context.h */,
				045C53751BA7B5E900A1C8B1 /* uiCopyLabel.h */,
				042CAC8B1B6F99660075FC16 /* FirstOpenViewController.h */,
				042CAC8D1B6F99660075FC16 /* SplashScreenViewController.h */,
				042CAC881B6F989B0075FC16 /* MarqueeLabel.h */,
				042CAC891B6F989B0075FC16 /* MarqueeLabel.m */,
				042CAC821B6F986D0075FC16 /* PiontStoreViewController.h */,
				042CAC4A1B6F8A210075FC16 /* singleCheckButtonView.h */,
				042CAC4B1B6F8A210075FC16 /* singleCheckButtonView.m */,
				042CAC4C1B6F8A220075FC16 /* SMSCodeButton.h */,
				042CAC4D1B6F8A220075FC16 /* SMSCodeButton.m */,
				042CAC321B6F889E0075FC16 /* agreementViewController.h */,
				042CAC361B6F889E0075FC16 /* ReFindPasswordViewController.h */,
				042CAC381B6F889E0075FC16 /* registerConfirmViewController.h */,
				042CAC3A1B6F889E0075FC16 /* registerViewController.h */,
				042CAC3C1B6F889E0075FC16 /* ReSetPasswordViewController.h */,
				042CAC3E1B6F889E0075FC16 /* ServiceTelePhoneViewController.h */,
				042CAC401B6F889E0075FC16 /* TransResultViewController.h */,
				042CAC291B6F81FD0075FC16 /* XHDrawerController.h */,
				042CAC2B1B6F81FD0075FC16 /* XHDrawerControllerHeader.h */,
				042CAC2C1B6F81FD0075FC16 /* XHZoomDrawerView.h */,
				042CAC1B1B6F68180075FC16 /* CommercialSearchViewController.h */,
				042CAC1D1B6F68180075FC16 /* CommercialViewController.h */,
				042CAC1F1B6F68180075FC16 /* DoActionSheet.h */,
				042CAC201B6F68180075FC16 /* DoActionSheet.m */,
				042CAC211B6F68180075FC16 /* MapDetailTableViewCell.h */,
			);
			path = Other2;
			sourceTree = "<group>";
		};
		590F23A51B6B92DE0072DE41 = {
			isa = PBXGroup;
			children = (
				590F23B01B6B92DE0072DE41 /* CSIILib */,
				590F23AF1B6B92DE0072DE41 /* Products */,
			);
			sourceTree = "<group>";
		};
		590F23AF1B6B92DE0072DE41 /* Products */ = {
			isa = PBXGroup;
			children = (
				590F23AE1B6B92DE0072DE41 /* libCSIILib.a */,
			);
			name = Products;
			sourceTree = "<group>";
		};
		590F23B01B6B92DE0072DE41 /* CSIILib */ = {
			isa = PBXGroup;
			children = (
				042CACB01B6F9E570075FC16 /* MAMapKit.framework */,
				042CAC1A1B6F68180075FC16 /* Other2 */,
				590F244E1B6BAA430072DE41 /* Other */,
				590F23F11B6BA7560072DE41 /* Communication */,
				590F240D1B6BA7560072DE41 /* MobileBankWeb */,
			);
			path = CSIILib;
			sourceTree = "<group>";
		};
		590F23F11B6BA7560072DE41 /* Communication */ = {
			isa = PBXGroup;
			children = (
				590F23F21B6BA7560072DE41 /* BCSIIase64.h */,
				590F23F41B6BA7560072DE41 /* Communication.h */,
				590F23F51B6BA7560072DE41 /* Communication.m */,
				590F23F61B6BA7560072DE41 /* MKNetworkKit */,
			);
			path = Communication;
			sourceTree = SOURCE_ROOT;
		};
		590F23F61B6BA7560072DE41 /* MKNetworkKit */ = {
			isa = PBXGroup;
			children = (
				590F23F71B6BA7560072DE41 /* Categories */,
				590F24021B6BA7560072DE41 /* MKNetworkEngine.h */,
				590F24031B6BA7560072DE41 /* MKNetworkEngine.m */,
				590F24041B6BA7560072DE41 /* MKNetworkKit-iOS-Prefix.pch */,
				590F24051B6BA7560072DE41 /* MKNetworkKit.h */,
				590F24061B6BA7560072DE41 /* MKNetworkOperation.h */,
				590F24071B6BA7560072DE41 /* MKNetworkOperation.m */,
				590F24081B6BA7560072DE41 /* Reachability */,
			);
			path = MKNetworkKit;
			sourceTree = "<group>";
		};
		590F23F71B6BA7560072DE41 /* Categories */ = {
			isa = PBXGroup;
			children = (
				590F23F81B6BA7560072DE41 /* NSData+MKBase64.h */,
				590F23F91B6BA7560072DE41 /* NSData+MKBase64.m */,
				590F23FA1B6BA7560072DE41 /* NSDate+RFC1123.h */,
				590F23FB1B6BA7560072DE41 /* NSDate+RFC1123.m */,
				590F23FC1B6BA7560072DE41 /* NSDictionary+RequestEncoding.h */,
				590F23FD1B6BA7560072DE41 /* NSDictionary+RequestEncoding.m */,
				590F23FE1B6BA7560072DE41 /* NSString+MKNetworkKitAdditions.h */,
				590F23FF1B6BA7560072DE41 /* NSString+MKNetworkKitAdditions.m */,
				590F24001B6BA7560072DE41 /* UIAlertView+MKNetworkKitAdditions.h */,
				590F24011B6BA7560072DE41 /* UIAlertView+MKNetworkKitAdditions.m */,
			);
			path = Categories;
			sourceTree = "<group>";
		};
		590F24081B6BA7560072DE41 /* Reachability */ = {
			isa = PBXGroup;
			children = (
				590F24091B6BA7560072DE41 /* Reachability.h */,
				590F240A1B6BA7560072DE41 /* Reachability.m */,
			);
			path = Reachability;
			sourceTree = "<group>";
		};
		590F240D1B6BA7560072DE41 /* MobileBankWeb */ = {
			isa = PBXGroup;
			children = (
				590F240E1B6BA7560072DE41 /* CSIICachingURLProtocol.h */,
				590F240F1B6BA7560072DE41 /* CSIICachingURLProtocol.m */,
				590F24101B6BA7560072DE41 /* JSONKit */,
				590F24131B6BA7560072DE41 /* MBProgressHUD */,
				590F24161B6BA7560072DE41 /* MobileBankCommcation.h */,
				590F24171B6BA7560072DE41 /* MobileBankStartWeb.h */,
				590F24181B6BA7560072DE41 /* MobileBankStartWeb.m */,
				590F24191B6BA7560072DE41 /* MobileBankWeb-Prefix.pch */,
				590F241A1B6BA7560072DE41 /* MobileBankWeb.h */,
				590F241C1B6BA7560072DE41 /* MobileBankWebTools.h */,
				590F241D1B6BA7560072DE41 /* MobileBankWebTools.m */,
				590F241E1B6BA7560072DE41 /* MyHTTPURLResponse.h */,
				590F241F1B6BA7560072DE41 /* MyHTTPURLResponse.m */,
				590F24271B6BA7560072DE41 /* WebViewController.h */,
			);
			path = MobileBankWeb;
			sourceTree = SOURCE_ROOT;
		};
		590F24101B6BA7560072DE41 /* JSONKit */ = {
			isa = PBXGroup;
			children = (
				590F24111B6BA7560072DE41 /* JSONKit.h */,
				590F24121B6BA7560072DE41 /* JSONKit.m */,
			);
			path = JSONKit;
			sourceTree = "<group>";
		};
		590F24131B6BA7560072DE41 /* MBProgressHUD */ = {
			isa = PBXGroup;
			children = (
				590F24141B6BA7560072DE41 /* MBProgressHUD.h */,
				590F24151B6BA7560072DE41 /* MBProgressHUD.m */,
			);
			path = MBProgressHUD;
			sourceTree = "<group>";
		};
		590F244E1B6BAA430072DE41 /* Other */ = {
			isa = PBXGroup;
			children = (
				04A1B6391B7B38DC00B46F31 /* CSIIMenuPaging.h */,
				590F244F1B6BAA430072DE41 /* CommonFunc.h */,
				590F24501B6BAA430072DE41 /* CommonFunc.m */,
				590F24521B6BACF70072DE41 /* CSIISuperViewController.h */,
				590F24531B6BAD190072DE41 /* MobileBankSession.h */,
				590F24541B6BAD340072DE41 /* LDKGloableVariable.h */,
				590F24551B6BAD540072DE41 /* LWYTextField.h */,
				590F24561B6BAD790072DE41 /* UITableViewCell+Image.h */,
				590F24581B6BADD40072DE41 /* CSIILabel.h */,
				590F24591B6BADFA0072DE41 /* keyboardencrypt.h */,
				590F246C1B6BB3F70072DE41 /* GlobalVariable.h */,
				590F245A1B6BADFA0072DE41 /* shahaiKeyBoard.h */,
				590F245B1B6BADFA0072DE41 /* ShaHaiView.h */,
				590F245D1B6BAEDF0072DE41 /* CustomAlertView.h */,
				590F245F1B6BAF250072DE41 /* CSIITextField.h */,
				590F245E1B6BAEFF0072DE41 /* LabelButton.h */,
				590F246D1B6BB4750072DE41 /* QRCodeReader.h */,
				590F24601B6BAF470072DE41 /* CSIIUIToolbar.h */,
				590F246B1B6BB3940072DE41 /* PublicContentView.h */,
				590F24621B6BAF8D0072DE41 /* TentacleView.h */,
				590F24611B6BAF6B0072DE41 /* CSIIDataAnalysis.h */,
				590F24681B6BB2A60072DE41 /* CSIIUtility.h */,
				590F24691B6BB2D50072DE41 /* CSIIMenuViewController.h */,
				590F24631B6BAFAF0072DE41 /* GesturePasswordView.h */,
				590F24651B6BB1080072DE41 /* APService.h */,
				590F24661B6BB1080072DE41 /* FTKeyInterface.h */,
				590F24671B6BB1090072DE41 /* FTUserProtocol.h */,
			);
			path = Other;
			sourceTree = SOURCE_ROOT;
		};
/* End PBXGroup section */

/* Begin PBXNativeTarget section */
		590F23AD1B6B92DE0072DE41 /* CSIILib */ = {
			isa = PBXNativeTarget;
			buildConfigurationList = 590F23C21B6B92DE0072DE41 /* Build configuration list for PBXNativeTarget "CSIILib" */;
			buildPhases = (
				590F23AA1B6B92DE0072DE41 /* Sources */,
				590F23AB1B6B92DE0072DE41 /* Frameworks */,
				590F23AC1B6B92DE0072DE41 /* CopyFiles */,
			);
			buildRules = (
			);
			dependencies = (
			);
			name = CSIILib;
			productName = CSIILib;
			productReference = 590F23AE1B6B92DE0072DE41 /* libCSIILib.a */;
			productType = "com.apple.product-type.library.static";
		};
/* End PBXNativeTarget section */

/* Begin PBXProject section */
		590F23A61B6B92DE0072DE41 /* Project object */ = {
			isa = PBXProject;
			attributes = {
				LastUpgradeCheck = 0640;
				ORGANIZATIONNAME = YuXiang;
				TargetAttributes = {
					590F23AD1B6B92DE0072DE41 = {
						CreatedOnToolsVersion = 6.4;
					};
				};
			};
			buildConfigurationList = 590F23A91B6B92DE0072DE41 /* Build configuration list for PBXProject "CSIILib" */;
			compatibilityVersion = "Xcode 3.2";
			developmentRegion = English;
			hasScannedForEncodings = 0;
			knownRegions = (
				en,
			);
			mainGroup = 590F23A51B6B92DE0072DE41;
			productRefGroup = 590F23AF1B6B92DE0072DE41 /* Products */;
			projectDirPath = "";
			projectRoot = "";
			targets = (
				590F23AD1B6B92DE0072DE41 /* CSIILib */,
			);
		};
/* End PBXProject section */

/* Begin PBXSourcesBuildPhase section */
		590F23AA1B6B92DE0072DE41 /* Sources */ = {
			isa = PBXSourcesBuildPhase;
			buildActionMask = 2147483647;
			files = (
				590F24301B6BA7560072DE41 /* MKNetworkOperation.m in Sources */,
				590F242D1B6BA7560072DE41 /* NSString+MKNetworkKitAdditions.m in Sources */,
				042CAC8A1B6F989B0075FC16 /* MarqueeLabel.m in Sources */,
				590F242C1B6BA7560072DE41 /* NSDictionary+RequestEncoding.m in Sources */,
				590F24291B6BA7560072DE41 /* Communication.m in Sources */,
				590F24311B6BA7560072DE41 /* Reachability.m in Sources */,
				042CAC4E1B6F8A220075FC16 /* singleCheckButtonView.m in Sources */,
				590F24361B6BA7560072DE41 /* MobileBankStartWeb.m in Sources */,
				590F24331B6BA7560072DE41 /* CSIICachingURLProtocol.m in Sources */,
				590F24341B6BA7560072DE41 /* JSONKit.m in Sources */,
				590F242F1B6BA7560072DE41 /* MKNetworkEngine.m in Sources */,
				590F24381B6BA7560072DE41 /* MobileBankWebTools.m in Sources */,
				590F242A1B6BA7560072DE41 /* NSData+MKBase64.m in Sources */,
				590F24391B6BA7560072DE41 /* MyHTTPURLResponse.m in Sources */,
				042CAC4F1B6F8A220075FC16 /* SMSCodeButton.m in Sources */,
				590F24511B6BAA430072DE41 /* CommonFunc.m in Sources */,
				590F242B1B6BA7560072DE41 /* NSDate+RFC1123.m in Sources */,
				042CAC251B6F68180075FC16 /* DoActionSheet.m in Sources */,
				590F242E1B6BA7560072DE41 /* UIAlertView+MKNetworkKitAdditions.m in Sources */,
				590F24351B6BA7560072DE41 /* MBProgressHUD.m in Sources */,
			);
			runOnlyForDeploymentPostprocessing = 0;
		};
/* End PBXSourcesBuildPhase section */

/* Begin XCBuildConfiguration section */
		590F23C01B6B92DE0072DE41 /* Debug */ = {
			isa = XCBuildConfiguration;
			buildSettings = {
				ALWAYS_SEARCH_USER_PATHS = NO;
				CLANG_CXX_LANGUAGE_STANDARD = "gnu++0x";
				CLANG_CXX_LIBRARY = "libc++";
				CLANG_ENABLE_MODULES = YES;
				CLANG_ENABLE_OBJC_ARC = YES;
				CLANG_WARN_BOOL_CONVERSION = YES;
				CLANG_WARN_CONSTANT_CONVERSION = YES;
				CLANG_WARN_DIRECT_OBJC_ISA_USAGE = YES_ERROR;
				CLANG_WARN_EMPTY_BODY = YES;
				CLANG_WARN_ENUM_CONVERSION = YES;
				CLANG_WARN_INT_CONVERSION = YES;
				CLANG_WARN_OBJC_ROOT_CLASS = YES_ERROR;
				CLANG_WARN_UNREACHABLE_CODE = YES;
				CLANG_WARN__DUPLICATE_METHOD_MATCH = YES;
				COPY_PHASE_STRIP = NO;
				DEBUG_INFORMATION_FORMAT = "dwarf-with-dsym";
				ENABLE_STRICT_OBJC_MSGSEND = YES;
				GCC_C_LANGUAGE_STANDARD = gnu99;
				GCC_DYNAMIC_NO_PIC = NO;
				GCC_NO_COMMON_BLOCKS = YES;
				GCC_OPTIMIZATION_LEVEL = 0;
				GCC_PREPROCESSOR_DEFINITIONS = (
					"DEBUG=1",
					"$(inherited)",
				);
				GCC_SYMBOLS_PRIVATE_EXTERN = NO;
				GCC_WARN_64_TO_32_BIT_CONVERSION = YES;
				GCC_WARN_ABOUT_RETURN_TYPE = YES_ERROR;
				GCC_WARN_UNDECLARED_SELECTOR = YES;
				GCC_WARN_UNINITIALIZED_AUTOS = YES_AGGRESSIVE;
				GCC_WARN_UNUSED_FUNCTION = YES;
				GCC_WARN_UNUSED_VARIABLE = YES;
				IPHONEOS_DEPLOYMENT_TARGET = 8.4;
				MTL_ENABLE_DEBUG_INFO = YES;
				ONLY_ACTIVE_ARCH = NO;
				SDKROOT = iphoneos;
			};
			name = Debug;
		};
		590F23C11B6B92DE0072DE41 /* Release */ = {
			isa = XCBuildConfiguration;
			buildSettings = {
				ALWAYS_SEARCH_USER_PATHS = NO;
				CLANG_CXX_LANGUAGE_STANDARD = "gnu++0x";
				CLANG_CXX_LIBRARY = "libc++";
				CLANG_ENABLE_MODULES = YES;
				CLANG_ENABLE_OBJC_ARC = YES;
				CLANG_WARN_BOOL_CONVERSION = YES;
				CLANG_WARN_CONSTANT_CONVERSION = YES;
				CLANG_WARN_DIRECT_OBJC_ISA_USAGE = YES_ERROR;
				CLANG_WARN_EMPTY_BODY = YES;
				CLANG_WARN_ENUM_CONVERSION = YES;
				CLANG_WARN_INT_CONVERSION = YES;
				CLANG_WARN_OBJC_ROOT_CLASS = YES_ERROR;
				CLANG_WARN_UNREACHABLE_CODE = YES;
				CLANG_WARN__DUPLICATE_METHOD_MATCH = YES;
				COPY_PHASE_STRIP = NO;
				DEBUG_INFORMATION_FORMAT = "dwarf-with-dsym";
				ENABLE_NS_ASSERTIONS = NO;
				ENABLE_STRICT_OBJC_MSGSEND = YES;
				GCC_C_LANGUAGE_STANDARD = gnu99;
				GCC_NO_COMMON_BLOCKS = YES;
				GCC_WARN_64_TO_32_BIT_CONVERSION = YES;
				GCC_WARN_ABOUT_RETURN_TYPE = YES_ERROR;
				GCC_WARN_UNDECLARED_SELECTOR = YES;
				GCC_WARN_UNINITIALIZED_AUTOS = YES_AGGRESSIVE;
				GCC_WARN_UNUSED_FUNCTION = YES;
				GCC_WARN_UNUSED_VARIABLE = YES;
				IPHONEOS_DEPLOYMENT_TARGET = 8.4;
				MTL_ENABLE_DEBUG_INFO = NO;
				SDKROOT = iphoneos;
				VALIDATE_PRODUCT = YES;
			};
			name = Release;
		};
		590F23C31B6B92DE0072DE41 /* Debug */ = {
			isa = XCBuildConfiguration;
			buildSettings = {
				CLANG_CXX_LANGUAGE_STANDARD = "gnu++98";
				FRAMEWORK_SEARCH_PATHS = (
					"$(inherited)",
					/Users/lzl/Desktop,
					"$(PROJECT_DIR)/CSIILib",
				);
				IPHONEOS_DEPLOYMENT_TARGET = 6.0;
				LIBRARY_SEARCH_PATHS = (
					"$(inherited)",
					"$(PROJECT_DIR)/Other",
				);
				ONLY_ACTIVE_ARCH = YES;
				OTHER_LDFLAGS = "-ObjC";
				PRODUCT_NAME = "$(TARGET_NAME)";
				SKIP_INSTALL = YES;
			};
			name = Debug;
		};
		590F23C41B6B92DE0072DE41 /* Release */ = {
			isa = XCBuildConfiguration;
			buildSettings = {
				CLANG_CXX_LANGUAGE_STANDARD = "gnu++98";
				FRAMEWORK_SEARCH_PATHS = (
					"$(inherited)",
					/Users/lzl/Desktop,
					"$(PROJECT_DIR)/CSIILib",
				);
				IPHONEOS_DEPLOYMENT_TARGET = 6.0;
				LIBRARY_SEARCH_PATHS = (
					"$(inherited)",
					"$(PROJECT_DIR)/Other",
				);
				ONLY_ACTIVE_ARCH = YES;
				OTHER_LDFLAGS = "-ObjC";
				PRODUCT_NAME = "$(TARGET_NAME)";
				SKIP_INSTALL = YES;
			};
			name = Release;
		};
/* End XCBuildConfiguration section */

/* Begin XCConfigurationList section */
		590F23A91B6B92DE0072DE41 /* Build configuration list for PBXProject "CSIILib" */ = {
			isa = XCConfigurationList;
			buildConfigurations = (
				590F23C01B6B92DE0072DE41 /* Debug */,
				590F23C11B6B92DE0072DE41 /* Release */,
			);
			defaultConfigurationIsVisible = 0;
			defaultConfigurationName = Release;
		};
		590F23C21B6B92DE0072DE41 /* Build configuration list for PBXNativeTarget "CSIILib" */ = {
			isa = XCConfigurationList;
			buildConfigurations = (
				590F23C31B6B92DE0072DE41 /* Debug */,
				590F23C41B6B92DE0072DE41 /* Release */,
			);
			defaultConfigurationIsVisible = 0;
			defaultConfigurationName = Release;
		};
/* End XCConfigurationList section */
	};
	rootObject = 590F23A61B6B92DE0072DE41 /* Project object */;
}
